
Microsoft Visual Studio Solution File, Format Version 12.00
# Visual Studio 15
VisualStudioVersion = 15.0.28307.1622
MinimumVisualStudioVersion = 10.0.40219.1
Project("{FAE04EC0-301F-11D3-BF4B-00C04F79EFBC}") = "projektx", "projektx\projektx.csproj", "{28A5FCE1-94BF-466E-ABD1-0F4A1B8D30A5}"
EndProject
Global
	GlobalSection(SolutionConfigurationPlatforms) = preSolution
		Debug|Any CPU = Debug|Any CPU
		Release|Any CPU = Release|Any CPU
	EndGlobalSection
	GlobalSection(ProjectConfigurationPlatforms) = postSolution
		{28A5FCE1-94BF-466E-ABD1-0F4A1B8D30A5}.Debug|Any CPU.ActiveCfg = Debug|Any CPU
		{28A5FCE1-94BF-466E-ABD1-0F4A1B8D30A5}.Debug|Any CPU.Build.0 = Debug|Any CPU
		{28A5FCE1-94BF-466E-ABD1-0F4A1B8D30A5}.Release|Any CPU.ActiveCfg = Release|Any CPU
		{28A5FCE1-94BF-466E-ABD1-0F4A1B8D30A5}.Release|Any CPU.Build.0 = Release|Any CPU
	EndGlobalSection
	GlobalSection(SolutionProperties) = preSolution
		HideSolutionNode = FALSE
	EndGlobalSection
	GlobalSection(ExtensibilityGlobals) = postSolution
		SolutionGuid = {46764187-B0DC-4F1D-9A8F-16CD4390B765}
	EndGlobalSection
EndGlobal
